
Microsoft Visual Studio Solution File, Format Version 12.00
# Visual Studio Version 16
VisualStudioVersion = 16.0.30002.166
MinimumVisualStudioVersion = 10.0.40219.1
Project("{8BC9CEB8-8B4A-11D0-8D11-00A0C91BC942}") = "Test_1", "Test_1\Test_1.vcxproj", "{4B90C92E-8773-453F-83E7-CFC51CD96F32}"
EndProject
Project("{8BC9CEB8-8B4A-11D0-8D11-00A0C91BC942}") = "min_string", "min_string\min_string.vcxproj", "{D3269EDA-FCDF-47EF-98C5-63E1A5DBF9F0}"
EndProject
Project("{8BC9CEB8-8B4A-11D0-8D11-00A0C91BC942}") = "square_eq", "square_eq\square_eq.vcxproj", "{5EAD0140-B49F-4DAB-A477-43B5441A6B39}"
EndProject
Project("{8BC9CEB8-8B4A-11D0-8D11-00A0C91BC942}") = "division", "division\division.vcxproj", "{703DF961-6E9D-4895-BAFE-DEED4C37CAB6}"
EndProject
Project("{8BC9CEB8-8B4A-11D0-8D11-00A0C91BC942}") = "product_cost", "product_cost\product_cost.vcxproj", "{28C77763-A5DA-4E87-8FF2-06F5979CBD21}"
EndProject
Project("{8BC9CEB8-8B4A-11D0-8D11-00A0C91BC942}") = "even_nums", "even_nums\even_nums.vcxproj", "{9B1E254A-7EB4-4C1B-9287-77D743A31059}"
EndProject
Project("{8BC9CEB8-8B4A-11D0-8D11-00A0C91BC942}") = "second_occurrence", "second_occurrence\second_occurrence.vcxproj", "{7CDEFD37-C90E-4271-B2A4-CA9B57AE8F38}"
EndProject
Project("{8BC9CEB8-8B4A-11D0-8D11-00A0C91BC942}") = "NSD", "NSD\NSD.vcxproj", "{3A93D5BE-9946-45C8-A797-F0E25279BE67}"
EndProject
Project("{8BC9CEB8-8B4A-11D0-8D11-00A0C91BC942}") = "binary_nums", "binary_nums\binary_nums.vcxproj", "{E47BDF13-7A65-4DD8-983C-A525E731340F}"
EndProject
Project("{8BC9CEB8-8B4A-11D0-8D11-00A0C91BC942}") = "Factorial", "Factorial\Factorial.vcxproj", "{54E4ACA2-6B1A-4852-A67E-D8423DE83DDC}"
EndProject
Project("{8BC9CEB8-8B4A-11D0-8D11-00A0C91BC942}") = "isPalindrom", "isPalindrom\isPalindrom.vcxproj", "{76E75A1A-2A18-4A4E-81AC-5D4547243EBA}"
EndProject
Project("{8BC9CEB8-8B4A-11D0-8D11-00A0C91BC942}") = "IsGreater", "IsGreater\IsGreater.vcxproj", "{F40C3309-DC25-482F-85C8-5051C078F145}"
EndProject
Project("{8BC9CEB8-8B4A-11D0-8D11-00A0C91BC942}") = "average_days", "average_days\average_days.vcxproj", "{8DFC6713-E787-4477-81EC-6C3B62A83FED}"
EndProject
Project("{8BC9CEB8-8B4A-11D0-8D11-00A0C91BC942}") = "woried_stack", "woried_stack\woried_stack.vcxproj", "{13F13EAF-0D09-4DD7-BFA2-5010787C56EB}"
EndProject
Project("{8BC9CEB8-8B4A-11D0-8D11-00A0C91BC942}") = "concerns", "concerns\concerns.vcxproj", "{057305CF-9788-4824-AF81-0DC0E0D9948D}"
EndProject
Project("{8BC9CEB8-8B4A-11D0-8D11-00A0C91BC942}") = "anagramm", "anagramm\anagramm.vcxproj", "{0A278D7D-970B-4891-9241-2C040BF65D3E}"
EndProject
Project("{8BC9CEB8-8B4A-11D0-8D11-00A0C91BC942}") = "Countries", "Countries\Countries.vcxproj", "{851B646F-4D33-4F06-8D0F-C0ED2CEE5F09}"
EndProject
Project("{8BC9CEB8-8B4A-11D0-8D11-00A0C91BC942}") = "BusStops", "BusStops\BusStops.vcxproj", "{8C7BF201-0AC9-4AF8-8DEE-E879AFAF8200}"
EndProject
Project("{8BC9CEB8-8B4A-11D0-8D11-00A0C91BC942}") = "BusStops2", "BusStops2\BusStops2.vcxproj", "{3766C5F8-741B-426A-BB54-E282DF9FEB39}"
EndProject
Project("{8BC9CEB8-8B4A-11D0-8D11-00A0C91BC942}") = "Unique", "Unique\Unique.vcxproj", "{19ABFCE8-240A-434D-A33D-E179EEB6CE68}"
EndProject
Project("{8BC9CEB8-8B4A-11D0-8D11-00A0C91BC942}") = "MapToSet", "MapToSet\MapToSet.vcxproj", "{980AC1BF-6071-42A3-A6A3-F1FF77C0663B}"
EndProject
Project("{8BC9CEB8-8B4A-11D0-8D11-00A0C91BC942}") = "Sinonims", "Sinonims\Sinonims.vcxproj", "{D8E635BA-2ABF-464B-9F06-E0065FE58E21}"
EndProject
Project("{8BC9CEB8-8B4A-11D0-8D11-00A0C91BC942}") = "AbsSort", "AbsSort\AbsSort.vcxproj", "{850728E6-993B-453E-BFE1-825201117790}"
EndProject
Project("{8BC9CEB8-8B4A-11D0-8D11-00A0C91BC942}") = "SortedStrings", "SortedStrings\SortedStrings.vcxproj", "{E437F643-5DF8-4B83-854F-22032245CC76}"
EndProject
Project("{8BC9CEB8-8B4A-11D0-8D11-00A0C91BC942}") = "PersonClass", "PersonClass\PersonClass.vcxproj", "{216067E2-8161-47AD-B74B-5CF81C40A119}"
EndProject
Project("{8BC9CEB8-8B4A-11D0-8D11-00A0C91BC942}") = "ReversibleString", "ReversibleString\ReversibleString.vcxproj", "{6A9812CB-9612-4D7C-BA8F-C9E9CA5CAC2C}"
EndProject
Project("{8BC9CEB8-8B4A-11D0-8D11-00A0C91BC942}") = "IncognitoType", "IncognitoType\IncognitoType.vcxproj", "{18D4E7A5-9BB3-4430-A5C8-2C617DB8C73C}"
EndProject
Project("{8BC9CEB8-8B4A-11D0-8D11-00A0C91BC942}") = "LectureTitle", "LectureTitle\LectureTitle.vcxproj", "{E79521A3-0228-45DF-A00E-B4B56147DABF}"
EndProject
Project("{8BC9CEB8-8B4A-11D0-8D11-00A0C91BC942}") = "FunctionCLass", "FunctionCLass\FunctionCLass.vcxproj", "{12C19CDD-3C2E-4E2F-89E3-27EA216969B8}"
EndProject
Project("{8BC9CEB8-8B4A-11D0-8D11-00A0C91BC942}") = "FileStreams", "FileStreams\FileStreams.vcxproj", "{3DEEE4B6-B963-4956-A41A-2A03D9AD559A}"
EndProject
Project("{8BC9CEB8-8B4A-11D0-8D11-00A0C91BC942}") = "Rational", "Rational\Rational.vcxproj", "{AA0F0D4A-2114-4ECE-BDA8-4E1EC1DF54AF}"
EndProject
Project("{8BC9CEB8-8B4A-11D0-8D11-00A0C91BC942}") = "Exceptions", "Exceptions\Exceptions.vcxproj", "{F399401C-5A53-4B91-B683-28C8F3466DAC}"
EndProject
Project("{8BC9CEB8-8B4A-11D0-8D11-00A0C91BC942}") = "FinalProject", "FinalProject\FinalProject.vcxproj", "{1811B6D1-2DEE-4C21-9DF0-66E34C71CF53}"
EndProject
Global
	GlobalSection(SolutionConfigurationPlatforms) = preSolution
		Debug|x64 = Debug|x64
		Debug|x86 = Debug|x86
		Release|x64 = Release|x64
		Release|x86 = Release|x86
	EndGlobalSection
	GlobalSection(ProjectConfigurationPlatforms) = postSolution
		{4B90C92E-8773-453F-83E7-CFC51CD96F32}.Debug|x64.ActiveCfg = Debug|x64
		{4B90C92E-8773-453F-83E7-CFC51CD96F32}.Debug|x64.Build.0 = Debug|x64
		{4B90C92E-8773-453F-83E7-CFC51CD96F32}.Debug|x86.ActiveCfg = Debug|Win32
		{4B90C92E-8773-453F-83E7-CFC51CD96F32}.Debug|x86.Build.0 = Debug|Win32
		{4B90C92E-8773-453F-83E7-CFC51CD96F32}.Release|x64.ActiveCfg = Release|x64
		{4B90C92E-8773-453F-83E7-CFC51CD96F32}.Release|x64.Build.0 = Release|x64
		{4B90C92E-8773-453F-83E7-CFC51CD96F32}.Release|x86.ActiveCfg = Release|Win32
		{4B90C92E-8773-453F-83E7-CFC51CD96F32}.Release|x86.Build.0 = Release|Win32
		{D3269EDA-FCDF-47EF-98C5-63E1A5DBF9F0}.Debug|x64.ActiveCfg = Debug|x64
		{D3269EDA-FCDF-47EF-98C5-63E1A5DBF9F0}.Debug|x64.Build.0 = Debug|x64
		{D3269EDA-FCDF-47EF-98C5-63E1A5DBF9F0}.Debug|x86.ActiveCfg = Debug|Win32
		{D3269EDA-FCDF-47EF-98C5-63E1A5DBF9F0}.Debug|x86.Build.0 = Debug|Win32
		{D3269EDA-FCDF-47EF-98C5-63E1A5DBF9F0}.Release|x64.ActiveCfg = Release|x64
		{D3269EDA-FCDF-47EF-98C5-63E1A5DBF9F0}.Release|x64.Build.0 = Release|x64
		{D3269EDA-FCDF-47EF-98C5-63E1A5DBF9F0}.Release|x86.ActiveCfg = Release|Win32
		{D3269EDA-FCDF-47EF-98C5-63E1A5DBF9F0}.Release|x86.Build.0 = Release|Win32
		{5EAD0140-B49F-4DAB-A477-43B5441A6B39}.Debug|x64.ActiveCfg = Debug|x64
		{5EAD0140-B49F-4DAB-A477-43B5441A6B39}.Debug|x64.Build.0 = Debug|x64
		{5EAD0140-B49F-4DAB-A477-43B5441A6B39}.Debug|x86.ActiveCfg = Debug|Win32
		{5EAD0140-B49F-4DAB-A477-43B5441A6B39}.Debug|x86.Build.0 = Debug|Win32
		{5EAD0140-B49F-4DAB-A477-43B5441A6B39}.Release|x64.ActiveCfg = Release|x64
		{5EAD0140-B49F-4DAB-A477-43B5441A6B39}.Release|x64.Build.0 = Release|x64
		{5EAD0140-B49F-4DAB-A477-43B5441A6B39}.Release|x86.ActiveCfg = Release|Win32
		{5EAD0140-B49F-4DAB-A477-43B5441A6B39}.Release|x86.Build.0 = Release|Win32
		{703DF961-6E9D-4895-BAFE-DEED4C37CAB6}.Debug|x64.ActiveCfg = Debug|x64
		{703DF961-6E9D-4895-BAFE-DEED4C37CAB6}.Debug|x64.Build.0 = Debug|x64
		{703DF961-6E9D-4895-BAFE-DEED4C37CAB6}.Debug|x86.ActiveCfg = Debug|Win32
		{703DF961-6E9D-4895-BAFE-DEED4C37CAB6}.Debug|x86.Build.0 = Debug|Win32
		{703DF961-6E9D-4895-BAFE-DEED4C37CAB6}.Release|x64.ActiveCfg = Release|x64
		{703DF961-6E9D-4895-BAFE-DEED4C37CAB6}.Release|x64.Build.0 = Release|x64
		{703DF961-6E9D-4895-BAFE-DEED4C37CAB6}.Release|x86.ActiveCfg = Release|Win32
		{703DF961-6E9D-4895-BAFE-DEED4C37CAB6}.Release|x86.Build.0 = Release|Win32
		{28C77763-A5DA-4E87-8FF2-06F5979CBD21}.Debug|x64.ActiveCfg = Debug|x64
		{28C77763-A5DA-4E87-8FF2-06F5979CBD21}.Debug|x64.Build.0 = Debug|x64
		{28C77763-A5DA-4E87-8FF2-06F5979CBD21}.Debug|x86.ActiveCfg = Debug|Win32
		{28C77763-A5DA-4E87-8FF2-06F5979CBD21}.Debug|x86.Build.0 = Debug|Win32
		{28C77763-A5DA-4E87-8FF2-06F5979CBD21}.Release|x64.ActiveCfg = Release|x64
		{28C77763-A5DA-4E87-8FF2-06F5979CBD21}.Release|x64.Build.0 = Release|x64
		{28C77763-A5DA-4E87-8FF2-06F5979CBD21}.Release|x86.ActiveCfg = Release|Win32
		{28C77763-A5DA-4E87-8FF2-06F5979CBD21}.Release|x86.Build.0 = Release|Win32
		{9B1E254A-7EB4-4C1B-9287-77D743A31059}.Debug|x64.ActiveCfg = Debug|x64
		{9B1E254A-7EB4-4C1B-9287-77D743A31059}.Debug|x64.Build.0 = Debug|x64
		{9B1E254A-7EB4-4C1B-9287-77D743A31059}.Debug|x86.ActiveCfg = Debug|Win32
		{9B1E254A-7EB4-4C1B-9287-77D743A31059}.Debug|x86.Build.0 = Debug|Win32
		{9B1E254A-7EB4-4C1B-9287-77D743A31059}.Release|x64.ActiveCfg = Release|x64
		{9B1E254A-7EB4-4C1B-9287-77D743A31059}.Release|x64.Build.0 = Release|x64
		{9B1E254A-7EB4-4C1B-9287-77D743A31059}.Release|x86.ActiveCfg = Release|Win32
		{9B1E254A-7EB4-4C1B-9287-77D743A31059}.Release|x86.Build.0 = Release|Win32
		{7CDEFD37-C90E-4271-B2A4-CA9B57AE8F38}.Debug|x64.ActiveCfg = Debug|x64
		{7CDEFD37-C90E-4271-B2A4-CA9B57AE8F38}.Debug|x64.Build.0 = Debug|x64
		{7CDEFD37-C90E-4271-B2A4-CA9B57AE8F38}.Debug|x86.ActiveCfg = Debug|Win32
		{7CDEFD37-C90E-4271-B2A4-CA9B57AE8F38}.Debug|x86.Build.0 = Debug|Win32
		{7CDEFD37-C90E-4271-B2A4-CA9B57AE8F38}.Release|x64.ActiveCfg = Release|x64
		{7CDEFD37-C90E-4271-B2A4-CA9B57AE8F38}.Release|x64.Build.0 = Release|x64
		{7CDEFD37-C90E-4271-B2A4-CA9B57AE8F38}.Release|x86.ActiveCfg = Release|Win32
		{7CDEFD37-C90E-4271-B2A4-CA9B57AE8F38}.Release|x86.Build.0 = Release|Win32
		{3A93D5BE-9946-45C8-A797-F0E25279BE67}.Debug|x64.ActiveCfg = Debug|x64
		{3A93D5BE-9946-45C8-A797-F0E25279BE67}.Debug|x64.Build.0 = Debug|x64
		{3A93D5BE-9946-45C8-A797-F0E25279BE67}.Debug|x86.ActiveCfg = Debug|Win32
		{3A93D5BE-9946-45C8-A797-F0E25279BE67}.Debug|x86.Build.0 = Debug|Win32
		{3A93D5BE-9946-45C8-A797-F0E25279BE67}.Release|x64.ActiveCfg = Release|x64
		{3A93D5BE-9946-45C8-A797-F0E25279BE67}.Release|x64.Build.0 = Release|x64
		{3A93D5BE-9946-45C8-A797-F0E25279BE67}.Release|x86.ActiveCfg = Release|Win32
		{3A93D5BE-9946-45C8-A797-F0E25279BE67}.Release|x86.Build.0 = Release|Win32
		{E47BDF13-7A65-4DD8-983C-A525E731340F}.Debug|x64.ActiveCfg = Debug|x64
		{E47BDF13-7A65-4DD8-983C-A525E731340F}.Debug|x64.Build.0 = Debug|x64
		{E47BDF13-7A65-4DD8-983C-A525E731340F}.Debug|x86.ActiveCfg = Debug|Win32
		{E47BDF13-7A65-4DD8-983C-A525E731340F}.Debug|x86.Build.0 = Debug|Win32
		{E47BDF13-7A65-4DD8-983C-A525E731340F}.Release|x64.ActiveCfg = Release|x64
		{E47BDF13-7A65-4DD8-983C-A525E731340F}.Release|x64.Build.0 = Release|x64
		{E47BDF13-7A65-4DD8-983C-A525E731340F}.Release|x86.ActiveCfg = Release|Win32
		{E47BDF13-7A65-4DD8-983C-A525E731340F}.Release|x86.Build.0 = Release|Win32
		{54E4ACA2-6B1A-4852-A67E-D8423DE83DDC}.Debug|x64.ActiveCfg = Debug|x64
		{54E4ACA2-6B1A-4852-A67E-D8423DE83DDC}.Debug|x64.Build.0 = Debug|x64
		{54E4ACA2-6B1A-4852-A67E-D8423DE83DDC}.Debug|x86.ActiveCfg = Debug|Win32
		{54E4ACA2-6B1A-4852-A67E-D8423DE83DDC}.Debug|x86.Build.0 = Debug|Win32
		{54E4ACA2-6B1A-4852-A67E-D8423DE83DDC}.Release|x64.ActiveCfg = Release|x64
		{54E4ACA2-6B1A-4852-A67E-D8423DE83DDC}.Release|x64.Build.0 = Release|x64
		{54E4ACA2-6B1A-4852-A67E-D8423DE83DDC}.Release|x86.ActiveCfg = Release|Win32
		{54E4ACA2-6B1A-4852-A67E-D8423DE83DDC}.Release|x86.Build.0 = Release|Win32
		{76E75A1A-2A18-4A4E-81AC-5D4547243EBA}.Debug|x64.ActiveCfg = Debug|x64
		{76E75A1A-2A18-4A4E-81AC-5D4547243EBA}.Debug|x64.Build.0 = Debug|x64
		{76E75A1A-2A18-4A4E-81AC-5D4547243EBA}.Debug|x86.ActiveCfg = Debug|Win32
		{76E75A1A-2A18-4A4E-81AC-5D4547243EBA}.Debug|x86.Build.0 = Debug|Win32
		{76E75A1A-2A18-4A4E-81AC-5D4547243EBA}.Release|x64.ActiveCfg = Release|x64
		{76E75A1A-2A18-4A4E-81AC-5D4547243EBA}.Release|x64.Build.0 = Release|x64
		{76E75A1A-2A18-4A4E-81AC-5D4547243EBA}.Release|x86.ActiveCfg = Release|Win32
		{76E75A1A-2A18-4A4E-81AC-5D4547243EBA}.Release|x86.Build.0 = Release|Win32
		{F40C3309-DC25-482F-85C8-5051C078F145}.Debug|x64.ActiveCfg = Debug|x64
		{F40C3309-DC25-482F-85C8-5051C078F145}.Debug|x64.Build.0 = Debug|x64
		{F40C3309-DC25-482F-85C8-5051C078F145}.Debug|x86.ActiveCfg = Debug|Win32
		{F40C3309-DC25-482F-85C8-5051C078F145}.Debug|x86.Build.0 = Debug|Win32
		{F40C3309-DC25-482F-85C8-5051C078F145}.Release|x64.ActiveCfg = Release|x64
		{F40C3309-DC25-482F-85C8-5051C078F145}.Release|x64.Build.0 = Release|x64
		{F40C3309-DC25-482F-85C8-5051C078F145}.Release|x86.ActiveCfg = Release|Win32
		{F40C3309-DC25-482F-85C8-5051C078F145}.Release|x86.Build.0 = Release|Win32
		{8DFC6713-E787-4477-81EC-6C3B62A83FED}.Debug|x64.ActiveCfg = Debug|x64
		{8DFC6713-E787-4477-81EC-6C3B62A83FED}.Debug|x64.Build.0 = Debug|x64
		{8DFC6713-E787-4477-81EC-6C3B62A83FED}.Debug|x86.ActiveCfg = Debug|Win32
		{8DFC6713-E787-4477-81EC-6C3B62A83FED}.Debug|x86.Build.0 = Debug|Win32
		{8DFC6713-E787-4477-81EC-6C3B62A83FED}.Release|x64.ActiveCfg = Release|x64
		{8DFC6713-E787-4477-81EC-6C3B62A83FED}.Release|x64.Build.0 = Release|x64
		{8DFC6713-E787-4477-81EC-6C3B62A83FED}.Release|x86.ActiveCfg = Release|Win32
		{8DFC6713-E787-4477-81EC-6C3B62A83FED}.Release|x86.Build.0 = Release|Win32
		{13F13EAF-0D09-4DD7-BFA2-5010787C56EB}.Debug|x64.ActiveCfg = Debug|x64
		{13F13EAF-0D09-4DD7-BFA2-5010787C56EB}.Debug|x64.Build.0 = Debug|x64
		{13F13EAF-0D09-4DD7-BFA2-5010787C56EB}.Debug|x86.ActiveCfg = Debug|Win32
		{13F13EAF-0D09-4DD7-BFA2-5010787C56EB}.Debug|x86.Build.0 = Debug|Win32
		{13F13EAF-0D09-4DD7-BFA2-5010787C56EB}.Release|x64.ActiveCfg = Release|x64
		{13F13EAF-0D09-4DD7-BFA2-5010787C56EB}.Release|x64.Build.0 = Release|x64
		{13F13EAF-0D09-4DD7-BFA2-5010787C56EB}.Release|x86.ActiveCfg = Release|Win32
		{13F13EAF-0D09-4DD7-BFA2-5010787C56EB}.Release|x86.Build.0 = Release|Win32
		{057305CF-9788-4824-AF81-0DC0E0D9948D}.Debug|x64.ActiveCfg = Debug|x64
		{057305CF-9788-4824-AF81-0DC0E0D9948D}.Debug|x64.Build.0 = Debug|x64
		{057305CF-9788-4824-AF81-0DC0E0D9948D}.Debug|x86.ActiveCfg = Debug|Win32
		{057305CF-9788-4824-AF81-0DC0E0D9948D}.Debug|x86.Build.0 = Debug|Win32
		{057305CF-9788-4824-AF81-0DC0E0D9948D}.Release|x64.ActiveCfg = Release|x64
		{057305CF-9788-4824-AF81-0DC0E0D9948D}.Release|x64.Build.0 = Release|x64
		{057305CF-9788-4824-AF81-0DC0E0D9948D}.Release|x86.ActiveCfg = Release|Win32
		{057305CF-9788-4824-AF81-0DC0E0D9948D}.Release|x86.Build.0 = Release|Win32
		{0A278D7D-970B-4891-9241-2C040BF65D3E}.Debug|x64.ActiveCfg = Debug|x64
		{0A278D7D-970B-4891-9241-2C040BF65D3E}.Debug|x64.Build.0 = Debug|x64
		{0A278D7D-970B-4891-9241-2C040BF65D3E}.Debug|x86.ActiveCfg = Debug|Win32
		{0A278D7D-970B-4891-9241-2C040BF65D3E}.Debug|x86.Build.0 = Debug|Win32
		{0A278D7D-970B-4891-9241-2C040BF65D3E}.Release|x64.ActiveCfg = Release|x64
		{0A278D7D-970B-4891-9241-2C040BF65D3E}.Release|x64.Build.0 = Release|x64
		{0A278D7D-970B-4891-9241-2C040BF65D3E}.Release|x86.ActiveCfg = Release|Win32
		{0A278D7D-970B-4891-9241-2C040BF65D3E}.Release|x86.Build.0 = Release|Win32
		{851B646F-4D33-4F06-8D0F-C0ED2CEE5F09}.Debug|x64.ActiveCfg = Debug|x64
		{851B646F-4D33-4F06-8D0F-C0ED2CEE5F09}.Debug|x64.Build.0 = Debug|x64
		{851B646F-4D33-4F06-8D0F-C0ED2CEE5F09}.Debug|x86.ActiveCfg = Debug|Win32
		{851B646F-4D33-4F06-8D0F-C0ED2CEE5F09}.Debug|x86.Build.0 = Debug|Win32
		{851B646F-4D33-4F06-8D0F-C0ED2CEE5F09}.Release|x64.ActiveCfg = Release|x64
		{851B646F-4D33-4F06-8D0F-C0ED2CEE5F09}.Release|x64.Build.0 = Release|x64
		{851B646F-4D33-4F06-8D0F-C0ED2CEE5F09}.Release|x86.ActiveCfg = Release|Win32
		{851B646F-4D33-4F06-8D0F-C0ED2CEE5F09}.Release|x86.Build.0 = Release|Win32
		{8C7BF201-0AC9-4AF8-8DEE-E879AFAF8200}.Debug|x64.ActiveCfg = Debug|x64
		{8C7BF201-0AC9-4AF8-8DEE-E879AFAF8200}.Debug|x64.Build.0 = Debug|x64
		{8C7BF201-0AC9-4AF8-8DEE-E879AFAF8200}.Debug|x86.ActiveCfg = Debug|Win32
		{8C7BF201-0AC9-4AF8-8DEE-E879AFAF8200}.Debug|x86.Build.0 = Debug|Win32
		{8C7BF201-0AC9-4AF8-8DEE-E879AFAF8200}.Release|x64.ActiveCfg = Release|x64
		{8C7BF201-0AC9-4AF8-8DEE-E879AFAF8200}.Release|x64.Build.0 = Release|x64
		{8C7BF201-0AC9-4AF8-8DEE-E879AFAF8200}.Release|x86.ActiveCfg = Release|Win32
		{8C7BF201-0AC9-4AF8-8DEE-E879AFAF8200}.Release|x86.Build.0 = Release|Win32
		{3766C5F8-741B-426A-BB54-E282DF9FEB39}.Debug|x64.ActiveCfg = Debug|x64
		{3766C5F8-741B-426A-BB54-E282DF9FEB39}.Debug|x64.Build.0 = Debug|x64
		{3766C5F8-741B-426A-BB54-E282DF9FEB39}.Debug|x86.ActiveCfg = Debug|Win32
		{3766C5F8-741B-426A-BB54-E282DF9FEB39}.Debug|x86.Build.0 = Debug|Win32
		{3766C5F8-741B-426A-BB54-E282DF9FEB39}.Release|x64.ActiveCfg = Release|x64
		{3766C5F8-741B-426A-BB54-E282DF9FEB39}.Release|x64.Build.0 = Release|x64
		{3766C5F8-741B-426A-BB54-E282DF9FEB39}.Release|x86.ActiveCfg = Release|Win32
		{3766C5F8-741B-426A-BB54-E282DF9FEB39}.Release|x86.Build.0 = Release|Win32
		{19ABFCE8-240A-434D-A33D-E179EEB6CE68}.Debug|x64.ActiveCfg = Debug|x64
		{19ABFCE8-240A-434D-A33D-E179EEB6CE68}.Debug|x64.Build.0 = Debug|x64
		{19ABFCE8-240A-434D-A33D-E179EEB6CE68}.Debug|x86.ActiveCfg = Debug|Win32
		{19ABFCE8-240A-434D-A33D-E179EEB6CE68}.Debug|x86.Build.0 = Debug|Win32
		{19ABFCE8-240A-434D-A33D-E179EEB6CE68}.Release|x64.ActiveCfg = Release|x64
		{19ABFCE8-240A-434D-A33D-E179EEB6CE68}.Release|x64.Build.0 = Release|x64
		{19ABFCE8-240A-434D-A33D-E179EEB6CE68}.Release|x86.ActiveCfg = Release|Win32
		{19ABFCE8-240A-434D-A33D-E179EEB6CE68}.Release|x86.Build.0 = Release|Win32
		{980AC1BF-6071-42A3-A6A3-F1FF77C0663B}.Debug|x64.ActiveCfg = Debug|x64
		{980AC1BF-6071-42A3-A6A3-F1FF77C0663B}.Debug|x64.Build.0 = Debug|x64
		{980AC1BF-6071-42A3-A6A3-F1FF77C0663B}.Debug|x86.ActiveCfg = Debug|Win32
		{980AC1BF-6071-42A3-A6A3-F1FF77C0663B}.Debug|x86.Build.0 = Debug|Win32
		{980AC1BF-6071-42A3-A6A3-F1FF77C0663B}.Release|x64.ActiveCfg = Release|x64
		{980AC1BF-6071-42A3-A6A3-F1FF77C0663B}.Release|x64.Build.0 = Release|x64
		{980AC1BF-6071-42A3-A6A3-F1FF77C0663B}.Release|x86.ActiveCfg = Release|Win32
		{980AC1BF-6071-42A3-A6A3-F1FF77C0663B}.Release|x86.Build.0 = Release|Win32
		{D8E635BA-2ABF-464B-9F06-E0065FE58E21}.Debug|x64.ActiveCfg = Debug|x64
		{D8E635BA-2ABF-464B-9F06-E0065FE58E21}.Debug|x64.Build.0 = Debug|x64
		{D8E635BA-2ABF-464B-9F06-E0065FE58E21}.Debug|x86.ActiveCfg = Debug|Win32
		{D8E635BA-2ABF-464B-9F06-E0065FE58E21}.Debug|x86.Build.0 = Debug|Win32
		{D8E635BA-2ABF-464B-9F06-E0065FE58E21}.Release|x64.ActiveCfg = Release|x64
		{D8E635BA-2ABF-464B-9F06-E0065FE58E21}.Release|x64.Build.0 = Release|x64
		{D8E635BA-2ABF-464B-9F06-E0065FE58E21}.Release|x86.ActiveCfg = Release|Win32
		{D8E635BA-2ABF-464B-9F06-E0065FE58E21}.Release|x86.Build.0 = Release|Win32
		{850728E6-993B-453E-BFE1-825201117790}.Debug|x64.ActiveCfg = Debug|x64
		{850728E6-993B-453E-BFE1-825201117790}.Debug|x64.Build.0 = Debug|x64
		{850728E6-993B-453E-BFE1-825201117790}.Debug|x86.ActiveCfg = Debug|Win32
		{850728E6-993B-453E-BFE1-825201117790}.Debug|x86.Build.0 = Debug|Win32
		{850728E6-993B-453E-BFE1-825201117790}.Release|x64.ActiveCfg = Release|x64
		{850728E6-993B-453E-BFE1-825201117790}.Release|x64.Build.0 = Release|x64
		{850728E6-993B-453E-BFE1-825201117790}.Release|x86.ActiveCfg = Release|Win32
		{850728E6-993B-453E-BFE1-825201117790}.Release|x86.Build.0 = Release|Win32
		{E437F643-5DF8-4B83-854F-22032245CC76}.Debug|x64.ActiveCfg = Debug|x64
		{E437F643-5DF8-4B83-854F-22032245CC76}.Debug|x64.Build.0 = Debug|x64
		{E437F643-5DF8-4B83-854F-22032245CC76}.Debug|x86.ActiveCfg = Debug|Win32
		{E437F643-5DF8-4B83-854F-22032245CC76}.Debug|x86.Build.0 = Debug|Win32
		{E437F643-5DF8-4B83-854F-22032245CC76}.Release|x64.ActiveCfg = Release|x64
		{E437F643-5DF8-4B83-854F-22032245CC76}.Release|x64.Build.0 = Release|x64
		{E437F643-5DF8-4B83-854F-22032245CC76}.Release|x86.ActiveCfg = Release|Win32
		{E437F643-5DF8-4B83-854F-22032245CC76}.Release|x86.Build.0 = Release|Win32
		{216067E2-8161-47AD-B74B-5CF81C40A119}.Debug|x64.ActiveCfg = Debug|x64
		{216067E2-8161-47AD-B74B-5CF81C40A119}.Debug|x64.Build.0 = Debug|x64
		{216067E2-8161-47AD-B74B-5CF81C40A119}.Debug|x86.ActiveCfg = Debug|Win32
		{216067E2-8161-47AD-B74B-5CF81C40A119}.Debug|x86.Build.0 = Debug|Win32
		{216067E2-8161-47AD-B74B-5CF81C40A119}.Release|x64.ActiveCfg = Release|x64
		{216067E2-8161-47AD-B74B-5CF81C40A119}.Release|x64.Build.0 = Release|x64
		{216067E2-8161-47AD-B74B-5CF81C40A119}.Release|x86.ActiveCfg = Release|Win32
		{216067E2-8161-47AD-B74B-5CF81C40A119}.Release|x86.Build.0 = Release|Win32
		{6A9812CB-9612-4D7C-BA8F-C9E9CA5CAC2C}.Debug|x64.ActiveCfg = Debug|x64
		{6A9812CB-9612-4D7C-BA8F-C9E9CA5CAC2C}.Debug|x64.Build.0 = Debug|x64
		{6A9812CB-9612-4D7C-BA8F-C9E9CA5CAC2C}.Debug|x86.ActiveCfg = Debug|Win32
		{6A9812CB-9612-4D7C-BA8F-C9E9CA5CAC2C}.Debug|x86.Build.0 = Debug|Win32
		{6A9812CB-9612-4D7C-BA8F-C9E9CA5CAC2C}.Release|x64.ActiveCfg = Release|x64
		{6A9812CB-9612-4D7C-BA8F-C9E9CA5CAC2C}.Release|x64.Build.0 = Release|x64
		{6A9812CB-9612-4D7C-BA8F-C9E9CA5CAC2C}.Release|x86.ActiveCfg = Release|Win32
		{6A9812CB-9612-4D7C-BA8F-C9E9CA5CAC2C}.Release|x86.Build.0 = Release|Win32
		{18D4E7A5-9BB3-4430-A5C8-2C617DB8C73C}.Debug|x64.ActiveCfg = Debug|x64
		{18D4E7A5-9BB3-4430-A5C8-2C617DB8C73C}.Debug|x64.Build.0 = Debug|x64
		{18D4E7A5-9BB3-4430-A5C8-2C617DB8C73C}.Debug|x86.ActiveCfg = Debug|Win32
		{18D4E7A5-9BB3-4430-A5C8-2C617DB8C73C}.Debug|x86.Build.0 = Debug|Win32
		{18D4E7A5-9BB3-4430-A5C8-2C617DB8C73C}.Release|x64.ActiveCfg = Release|x64
		{18D4E7A5-9BB3-4430-A5C8-2C617DB8C73C}.Release|x64.Build.0 = Release|x64
		{18D4E7A5-9BB3-4430-A5C8-2C617DB8C73C}.Release|x86.ActiveCfg = Release|Win32
		{18D4E7A5-9BB3-4430-A5C8-2C617DB8C73C}.Release|x86.Build.0 = Release|Win32
		{E79521A3-0228-45DF-A00E-B4B56147DABF}.Debug|x64.ActiveCfg = Debug|x64
		{E79521A3-0228-45DF-A00E-B4B56147DABF}.Debug|x64.Build.0 = Debug|x64
		{E79521A3-0228-45DF-A00E-B4B56147DABF}.Debug|x86.ActiveCfg = Debug|Win32
		{E79521A3-0228-45DF-A00E-B4B56147DABF}.Debug|x86.Build.0 = Debug|Win32
		{E79521A3-0228-45DF-A00E-B4B56147DABF}.Release|x64.ActiveCfg = Release|x64
		{E79521A3-0228-45DF-A00E-B4B56147DABF}.Release|x64.Build.0 = Release|x64
		{E79521A3-0228-45DF-A00E-B4B56147DABF}.Release|x86.ActiveCfg = Release|Win32
		{E79521A3-0228-45DF-A00E-B4B56147DABF}.Release|x86.Build.0 = Release|Win32
		{12C19CDD-3C2E-4E2F-89E3-27EA216969B8}.Debug|x64.ActiveCfg = Debug|x64
		{12C19CDD-3C2E-4E2F-89E3-27EA216969B8}.Debug|x64.Build.0 = Debug|x64
		{12C19CDD-3C2E-4E2F-89E3-27EA216969B8}.Debug|x86.ActiveCfg = Debug|Win32
		{12C19CDD-3C2E-4E2F-89E3-27EA216969B8}.Debug|x86.Build.0 = Debug|Win32
		{12C19CDD-3C2E-4E2F-89E3-27EA216969B8}.Release|x64.ActiveCfg = Release|x64
		{12C19CDD-3C2E-4E2F-89E3-27EA216969B8}.Release|x64.Build.0 = Release|x64
		{12C19CDD-3C2E-4E2F-89E3-27EA216969B8}.Release|x86.ActiveCfg = Release|Win32
		{12C19CDD-3C2E-4E2F-89E3-27EA216969B8}.Release|x86.Build.0 = Release|Win32
		{3DEEE4B6-B963-4956-A41A-2A03D9AD559A}.Debug|x64.ActiveCfg = Debug|x64
		{3DEEE4B6-B963-4956-A41A-2A03D9AD559A}.Debug|x64.Build.0 = Debug|x64
		{3DEEE4B6-B963-4956-A41A-2A03D9AD559A}.Debug|x86.ActiveCfg = Debug|Win32
		{3DEEE4B6-B963-4956-A41A-2A03D9AD559A}.Debug|x86.Build.0 = Debug|Win32
		{3DEEE4B6-B963-4956-A41A-2A03D9AD559A}.Release|x64.ActiveCfg = Release|x64
		{3DEEE4B6-B963-4956-A41A-2A03D9AD559A}.Release|x64.Build.0 = Release|x64
		{3DEEE4B6-B963-4956-A41A-2A03D9AD559A}.Release|x86.ActiveCfg = Release|Win32
		{3DEEE4B6-B963-4956-A41A-2A03D9AD559A}.Release|x86.Build.0 = Release|Win32
		{AA0F0D4A-2114-4ECE-BDA8-4E1EC1DF54AF}.Debug|x64.ActiveCfg = Debug|x64
		{AA0F0D4A-2114-4ECE-BDA8-4E1EC1DF54AF}.Debug|x64.Build.0 = Debug|x64
		{AA0F0D4A-2114-4ECE-BDA8-4E1EC1DF54AF}.Debug|x86.ActiveCfg = Debug|Win32
		{AA0F0D4A-2114-4ECE-BDA8-4E1EC1DF54AF}.Debug|x86.Build.0 = Debug|Win32
		{AA0F0D4A-2114-4ECE-BDA8-4E1EC1DF54AF}.Release|x64.ActiveCfg = Release|x64
		{AA0F0D4A-2114-4ECE-BDA8-4E1EC1DF54AF}.Release|x64.Build.0 = Release|x64
		{AA0F0D4A-2114-4ECE-BDA8-4E1EC1DF54AF}.Release|x86.ActiveCfg = Release|Win32
		{AA0F0D4A-2114-4ECE-BDA8-4E1EC1DF54AF}.Release|x86.Build.0 = Release|Win32
		{F399401C-5A53-4B91-B683-28C8F3466DAC}.Debug|x64.ActiveCfg = Debug|x64
		{F399401C-5A53-4B91-B683-28C8F3466DAC}.Debug|x64.Build.0 = Debug|x64
		{F399401C-5A53-4B91-B683-28C8F3466DAC}.Debug|x86.ActiveCfg = Debug|Win32
		{F399401C-5A53-4B91-B683-28C8F3466DAC}.Debug|x86.Build.0 = Debug|Win32
		{F399401C-5A53-4B91-B683-28C8F3466DAC}.Release|x64.ActiveCfg = Release|x64
		{F399401C-5A53-4B91-B683-28C8F3466DAC}.Release|x64.Build.0 = Release|x64
		{F399401C-5A53-4B91-B683-28C8F3466DAC}.Release|x86.ActiveCfg = Release|Win32
		{F399401C-5A53-4B91-B683-28C8F3466DAC}.Release|x86.Build.0 = Release|Win32
		{1811B6D1-2DEE-4C21-9DF0-66E34C71CF53}.Debug|x64.ActiveCfg = Debug|x64
		{1811B6D1-2DEE-4C21-9DF0-66E34C71CF53}.Debug|x64.Build.0 = Debug|x64
		{1811B6D1-2DEE-4C21-9DF0-66E34C71CF53}.Debug|x86.ActiveCfg = Debug|Win32
		{1811B6D1-2DEE-4C21-9DF0-66E34C71CF53}.Debug|x86.Build.0 = Debug|Win32
		{1811B6D1-2DEE-4C21-9DF0-66E34C71CF53}.Release|x64.ActiveCfg = Release|x64
		{1811B6D1-2DEE-4C21-9DF0-66E34C71CF53}.Release|x64.Build.0 = Release|x64
		{1811B6D1-2DEE-4C21-9DF0-66E34C71CF53}.Release|x86.ActiveCfg = Release|Win32
		{1811B6D1-2DEE-4C21-9DF0-66E34C71CF53}.Release|x86.Build.0 = Release|Win32
	EndGlobalSection
	GlobalSection(SolutionProperties) = preSolution
		HideSolutionNode = FALSE
	EndGlobalSection
	GlobalSection(ExtensibilityGlobals) = postSolution
		SolutionGuid = {9216045E-B27E-416A-B502-07C842F9D6E3}
	EndGlobalSection
EndGlobal
